
Microsoft Visual Studio Solution File, Format Version 12.00
# Visual Studio 14
VisualStudioVersion = 14.0.25420.1
MinimumVisualStudioVersion = 10.0.40219.1
Project("{FAE04EC0-301F-11D3-BF4B-00C04F79EFBC}") = "String-alapok", "05labor\String-alapok.csproj", "{B0C93470-3981-4549-81CE-6E1216E6C29C}"
EndProject
Project("{FAE04EC0-301F-11D3-BF4B-00C04F79EFBC}") = "String-feladatok", "String-feladatok\String-feladatok.csproj", "{2619DBF0-0B48-40C8-B2D2-2C1F6F24BD46}"
EndProject
Project("{FAE04EC0-301F-11D3-BF4B-00C04F79EFBC}") = "String-gyakfeladat", "String-gyakfeladat\String-gyakfeladat.csproj", "{2D7C6914-CCE8-4B63-ADCF-896D1CD619A6}"
EndProject
Global
	GlobalSection(SolutionConfigurationPlatforms) = preSolution
		Debug|Any CPU = Debug|Any CPU
		Release|Any CPU = Release|Any CPU
	EndGlobalSection
	GlobalSection(ProjectConfigurationPlatforms) = postSolution
		{B0C93470-3981-4549-81CE-6E1216E6C29C}.Debug|Any CPU.ActiveCfg = Debug|Any CPU
		{B0C93470-3981-4549-81CE-6E1216E6C29C}.Debug|Any CPU.Build.0 = Debug|Any CPU
		{B0C93470-3981-4549-81CE-6E1216E6C29C}.Release|Any CPU.ActiveCfg = Release|Any CPU
		{B0C93470-3981-4549-81CE-6E1216E6C29C}.Release|Any CPU.Build.0 = Release|Any CPU
		{2619DBF0-0B48-40C8-B2D2-2C1F6F24BD46}.Debug|Any CPU.ActiveCfg = Debug|Any CPU
		{2619DBF0-0B48-40C8-B2D2-2C1F6F24BD46}.Debug|Any CPU.Build.0 = Debug|Any CPU
		{2619DBF0-0B48-40C8-B2D2-2C1F6F24BD46}.Release|Any CPU.ActiveCfg = Release|Any CPU
		{2619DBF0-0B48-40C8-B2D2-2C1F6F24BD46}.Release|Any CPU.Build.0 = Release|Any CPU
		{2D7C6914-CCE8-4B63-ADCF-896D1CD619A6}.Debug|Any CPU.ActiveCfg = Debug|Any CPU
		{2D7C6914-CCE8-4B63-ADCF-896D1CD619A6}.Debug|Any CPU.Build.0 = Debug|Any CPU
		{2D7C6914-CCE8-4B63-ADCF-896D1CD619A6}.Release|Any CPU.ActiveCfg = Release|Any CPU
		{2D7C6914-CCE8-4B63-ADCF-896D1CD619A6}.Release|Any CPU.Build.0 = Release|Any CPU
	EndGlobalSection
	GlobalSection(SolutionProperties) = preSolution
		HideSolutionNode = FALSE
	EndGlobalSection
EndGlobal
